
Microsoft Visual Studio Solution File, Format Version 12.00
# Visual Studio Version 17
VisualStudioVersion = 17.4.33213.308
MinimumVisualStudioVersion = 10.0.40219.1
Project("{FAE04EC0-301F-11D3-BF4B-00C04F79EFBC}") = "Neek's Pet Palace", "Neek's Pet Palace.csproj", "{399673EC-8CB2-470B-A8CC-22911B9FBC77}"
EndProject
Global
	GlobalSection(SolutionConfigurationPlatforms) = preSolution
		Debug|Any CPU = Debug|Any CPU
		Release|Any CPU = Release|Any CPU
	EndGlobalSection
	GlobalSection(ProjectConfigurationPlatforms) = postSolution
		{399673EC-8CB2-470B-A8CC-22911B9FBC77}.Debug|Any CPU.ActiveCfg = Debug|Any CPU
		{399673EC-8CB2-470B-A8CC-22911B9FBC77}.Debug|Any CPU.Build.0 = Debug|Any CPU
		{399673EC-8CB2-470B-A8CC-22911B9FBC77}.Release|Any CPU.ActiveCfg = Release|Any CPU
		{399673EC-8CB2-470B-A8CC-22911B9FBC77}.Release|Any CPU.Build.0 = Release|Any CPU
	EndGlobalSection
	GlobalSection(SolutionProperties) = preSolution
		HideSolutionNode = FALSE
	EndGlobalSection
	GlobalSection(ExtensibilityGlobals) = postSolution
		SolutionGuid = {1B7E543E-B9A8-45D6-BE46-ECDBCC4491F8}
	EndGlobalSection
EndGlobal
